{
  "name": "portfolio",
  "version": "1.0.0",
  "lockfileVersion": 3,
  "requires": true,
  "packages": {
    "": {
      "name": "portfolio",
      "version": "1.0.0",
      "license": "ISC",
      "dependencies": {
        "create-next-app": "^13.4.12"
      }
    },
    "node_modules/create-next-app": {
      "version": "13.4.12",
      "resolved": "https://registry.npmjs.org/create-next-app/-/create-next-app-13.4.12.tgz",
      "integrity": "sha512-KEU1ioUe6rXlWph1kOayfefbFQpTzFA1VL4GsdqPmWIdZERHUOwxjIPOyjXiwNSzoe4bircHADxdroluzrMBrA==",
      "bin": {
        "create-next-app": "dist/index.js"
      },
      "engines": {
        "node": ">=16.8.0"
      }
    }
  }
}
